
Microsoft Visual Studio Solution File, Format Version 11.00
# Visual Studio 2010
Project("{FAE04EC0-301F-11D3-BF4B-00C04F79EFBC}") = "Basketball GM", "Assembly-CSharp.csproj", "{CCF23B86-C2F0-CFB9-BE58-AA4A2B65F0D3}"
EndProject
Project("{FAE04EC0-301F-11D3-BF4B-00C04F79EFBC}") = "Basketball GM", "Assembly-CSharp-Editor.csproj", "{B92CB180-C203-7F38-4E35-08E1F45C4C33}"
EndProject
Global
	GlobalSection(SolutionConfigurationPlatforms) = preSolution
		Debug|Any CPU = Debug|Any CPU
		Release|Any CPU = Release|Any CPU
	EndGlobalSection
	GlobalSection(ProjectConfigurationPlatforms) = postSolution
		{CCF23B86-C2F0-CFB9-BE58-AA4A2B65F0D3}.Debug|Any CPU.ActiveCfg = Debug|Any CPU
		{CCF23B86-C2F0-CFB9-BE58-AA4A2B65F0D3}.Debug|Any CPU.Build.0 = Debug|Any CPU
		{CCF23B86-C2F0-CFB9-BE58-AA4A2B65F0D3}.Release|Any CPU.ActiveCfg = Release|Any CPU
		{CCF23B86-C2F0-CFB9-BE58-AA4A2B65F0D3}.Release|Any CPU.Build.0 = Release|Any CPU
		{B92CB180-C203-7F38-4E35-08E1F45C4C33}.Debug|Any CPU.ActiveCfg = Debug|Any CPU
		{B92CB180-C203-7F38-4E35-08E1F45C4C33}.Debug|Any CPU.Build.0 = Debug|Any CPU
		{B92CB180-C203-7F38-4E35-08E1F45C4C33}.Release|Any CPU.ActiveCfg = Release|Any CPU
		{B92CB180-C203-7F38-4E35-08E1F45C4C33}.Release|Any CPU.Build.0 = Release|Any CPU
	EndGlobalSection
	GlobalSection(SolutionProperties) = preSolution
		HideSolutionNode = FALSE
	EndGlobalSection
	GlobalSection(MonoDevelopProperties) = preSolution
		StartupItem = Assembly-CSharp.csproj
	EndGlobalSection
EndGlobal
